{
	"name": "@grainulation/grainulator",
	"version": "2.0.2",
	"lockfileVersion": 3,
	"requires": true,
	"packages": {
		"": {
			"name": "@grainulation/grainulator",
			"version": "2.0.2",
			"license": "MIT",
			"workspaces": [
				"packages/*"
			],
			"bin": {
				"grainulator": "bin/grainulator.js"
			},
			"devDependencies": {
				"@biomejs/biome": "2.4.10",
				"@playwright/test": "1.58.2"
			},
			"engines": {
				"node": ">=24"
			}
		},
		"node_modules/@biomejs/biome": {
			"version": "2.4.10",
			"resolved": "https://registry.npmjs.org/@biomejs/biome/-/biome-2.4.10.tgz",
			"integrity": "sha512-xxA3AphFQ1geij4JTHXv4EeSTda1IFn22ye9LdyVPoJU19fNVl0uzfEuhsfQ4Yue/0FaLs2/ccVi4UDiE7R30w==",
			"dev": true,
			"license": "MIT OR Apache-2.0",
			"bin": {
				"biome": "bin/biome"
			},
			"engines": {
				"node": ">=14.21.3"
			},
			"funding": {
				"type": "opencollective",
				"url": "https://opencollective.com/biome"
			},
			"optionalDependencies": {
				"@biomejs/cli-darwin-arm64": "2.4.10",
				"@biomejs/cli-darwin-x64": "2.4.10",
				"@biomejs/cli-linux-arm64": "2.4.10",
				"@biomejs/cli-linux-arm64-musl": "2.4.10",
				"@biomejs/cli-linux-x64": "2.4.10",
				"@biomejs/cli-linux-x64-musl": "2.4.10",
				"@biomejs/cli-win32-arm64": "2.4.10",
				"@biomejs/cli-win32-x64": "2.4.10"
			}
		},
		"node_modules/@biomejs/cli-darwin-arm64": {
			"version": "2.4.10",
			"resolved": "https://registry.npmjs.org/@biomejs/cli-darwin-arm64/-/cli-darwin-arm64-2.4.10.tgz",
			"integrity": "sha512-vuzzI1cWqDVzOMIkYyHbKqp+AkQq4K7k+UCXWpkYcY/HDn1UxdsbsfgtVpa40shem8Kax4TLDLlx8kMAecgqiw==",
			"cpu": [
				"arm64"
			],
			"dev": true,
			"license": "MIT OR Apache-2.0",
			"optional": true,
			"os": [
				"darwin"
			],
			"engines": {
				"node": ">=14.21.3"
			}
		},
		"node_modules/@biomejs/cli-darwin-x64": {
			"version": "2.4.10",
			"resolved": "https://registry.npmjs.org/@biomejs/cli-darwin-x64/-/cli-darwin-x64-2.4.10.tgz",
			"integrity": "sha512-14fzASRo+BPotwp7nWULy2W5xeUyFnTaq1V13Etrrxkrih+ez/2QfgFm5Ehtf5vSjtgx/IJycMMpn5kPd5ZNaA==",
			"cpu": [
				"x64"
			],
			"dev": true,
			"license": "MIT OR Apache-2.0",
			"optional": true,
			"os": [
				"darwin"
			],
			"engines": {
				"node": ">=14.21.3"
			}
		},
		"node_modules/@biomejs/cli-linux-arm64": {
			"version": "2.4.10",
			"resolved": "https://registry.npmjs.org/@biomejs/cli-linux-arm64/-/cli-linux-arm64-2.4.10.tgz",
			"integrity": "sha512-7MH1CMW5uuxQ/s7FLST63qF8B3Hgu2HRdZ7tA1X1+mk+St4JOuIrqdhIBnnyqeyWJNI+Bww7Es5QZ0wIc1Cmkw==",
			"cpu": [
				"arm64"
			],
			"dev": true,
			"libc": [
				"glibc"
			],
			"license": "MIT OR Apache-2.0",
			"optional": true,
			"os": [
				"linux"
			],
			"engines": {
				"node": ">=14.21.3"
			}
		},
		"node_modules/@biomejs/cli-linux-arm64-musl": {
			"version": "2.4.10",
			"resolved": "https://registry.npmjs.org/@biomejs/cli-linux-arm64-musl/-/cli-linux-arm64-musl-2.4.10.tgz",
			"integrity": "sha512-WrJY6UuiSD/Dh+nwK2qOTu8kdMDlLV3dLMmychIghHPAysWFq1/DGC1pVZx8POE3ZkzKR3PUUnVrtZfMfaJjyQ==",
			"cpu": [
				"arm64"
			],
			"dev": true,
			"libc": [
				"musl"
			],
			"license": "MIT OR Apache-2.0",
			"optional": true,
			"os": [
				"linux"
			],
			"engines": {
				"node": ">=14.21.3"
			}
		},
		"node_modules/@biomejs/cli-linux-x64": {
			"version": "2.4.10",
			"resolved": "https://registry.npmjs.org/@biomejs/cli-linux-x64/-/cli-linux-x64-2.4.10.tgz",
			"integrity": "sha512-tZLvEEi2u9Xu1zAqRjTcpIDGVtldigVvzug2fTuPG0ME/g8/mXpRPcNgLB22bGn6FvLJpHHnqLnwliOu8xjYrg==",
			"cpu": [
				"x64"
			],
			"dev": true,
			"libc": [
				"glibc"
			],
			"license": "MIT OR Apache-2.0",
			"optional": true,
			"os": [
				"linux"
			],
			"engines": {
				"node": ">=14.21.3"
			}
		},
		"node_modules/@biomejs/cli-linux-x64-musl": {
			"version": "2.4.10",
			"resolved": "https://registry.npmjs.org/@biomejs/cli-linux-x64-musl/-/cli-linux-x64-musl-2.4.10.tgz",
			"integrity": "sha512-kDTi3pI6PBN6CiczsWYOyP2zk0IJI08EWEQyDMQWW221rPaaEz6FvjLhnU07KMzLv8q3qSuoB93ua6inSQ55Tw==",
			"cpu": [
				"x64"
			],
			"dev": true,
			"libc": [
				"musl"
			],
			"license": "MIT OR Apache-2.0",
			"optional": true,
			"os": [
				"linux"
			],
			"engines": {
				"node": ">=14.21.3"
			}
		},
		"node_modules/@biomejs/cli-win32-arm64": {
			"version": "2.4.10",
			"resolved": "https://registry.npmjs.org/@biomejs/cli-win32-arm64/-/cli-win32-arm64-2.4.10.tgz",
			"integrity": "sha512-umwQU6qPzH+ISTf/eHyJ/QoQnJs3V9Vpjz2OjZXe9MVBZ7prgGafMy7yYeRGnlmDAn87AKTF3Q6weLoMGpeqdQ==",
			"cpu": [
				"arm64"
			],
			"dev": true,
			"license": "MIT OR Apache-2.0",
			"optional": true,
			"os": [
				"win32"
			],
			"engines": {
				"node": ">=14.21.3"
			}
		},
		"node_modules/@biomejs/cli-win32-x64": {
			"version": "2.4.10",
			"resolved": "https://registry.npmjs.org/@biomejs/cli-win32-x64/-/cli-win32-x64-2.4.10.tgz",
			"integrity": "sha512-aW/JU5GuyH4uxMrNYpoC2kjaHlyJGLgIa3XkhPEZI0uKhZhJZU8BuEyJmvgzSPQNGozBwWjC972RaNdcJ9KyJg==",
			"cpu": [
				"x64"
			],
			"dev": true,
			"license": "MIT OR Apache-2.0",
			"optional": true,
			"os": [
				"win32"
			],
			"engines": {
				"node": ">=14.21.3"
			}
		},
		"node_modules/@grainulation/barn": {
			"resolved": "packages/shared",
			"link": true
		},
		"node_modules/@grainulation/bean": {
			"resolved": "packages/runtime",
			"link": true
		},
		"node_modules/@grainulation/grainulation": {
			"resolved": "packages/legacy-cli",
			"link": true
		},
		"node_modules/@grainulation/harvest": {
			"resolved": "packages/analytics",
			"link": true
		},
		"node_modules/@grainulation/mill": {
			"resolved": "packages/exports",
			"link": true
		},
		"node_modules/@grainulation/orchard": {
			"resolved": "packages/orchestration",
			"link": true
		},
		"node_modules/@grainulation/silo": {
			"resolved": "packages/memory",
			"link": true
		},
		"node_modules/@grainulation/wheat": {
			"resolved": "packages/evidence",
			"link": true
		},
		"node_modules/@playwright/test": {
			"version": "1.58.2",
			"resolved": "https://registry.npmjs.org/@playwright/test/-/test-1.58.2.tgz",
			"integrity": "sha512-akea+6bHYBBfA9uQqSYmlJXn61cTa+jbO87xVLCWbTqbWadRVmhxlXATaOjOgcBaWU4ePo0wB41KMFv3o35IXA==",
			"dev": true,
			"license": "Apache-2.0",
			"dependencies": {
				"playwright": "1.58.2"
			},
			"bin": {
				"playwright": "cli.js"
			},
			"engines": {
				"node": ">=18"
			}
		},
		"node_modules/@types/node": {
			"version": "22.20.1",
			"resolved": "https://registry.npmjs.org/@types/node/-/node-22.20.1.tgz",
			"integrity": "sha512-EANqOCF9QFyra+4pfxUcX9STKJpCLjMbObVzljIJomAWSnuSIEAvyzEU53GaajbXJEgdh0iEcPL+DGvpUd4k1Q==",
			"dev": true,
			"license": "MIT",
			"dependencies": {
				"undici-types": "~6.21.0"
			}
		},
		"node_modules/fsevents": {
			"version": "2.3.2",
			"resolved": "https://registry.npmjs.org/fsevents/-/fsevents-2.3.2.tgz",
			"integrity": "sha512-xiqMQR4xAeHTuB9uWm+fFRcIOgKBMiOBP+eXiyT7jsgVCq1bkVygt00oASowB7EdtpOHaaPgKt812P9ab+DDKA==",
			"dev": true,
			"hasInstallScript": true,
			"license": "MIT",
			"optional": true,
			"os": [
				"darwin"
			],
			"engines": {
				"node": "^8.16.0 || ^10.6.0 || >=11.0.0"
			}
		},
		"node_modules/playwright": {
			"version": "1.58.2",
			"resolved": "https://registry.npmjs.org/playwright/-/playwright-1.58.2.tgz",
			"integrity": "sha512-vA30H8Nvkq/cPBnNw4Q8TWz1EJyqgpuinBcHET0YVJVFldr8JDNiU9LaWAE1KqSkRYazuaBhTpB5ZzShOezQ6A==",
			"dev": true,
			"license": "Apache-2.0",
			"dependencies": {
				"playwright-core": "1.58.2"
			},
			"bin": {
				"playwright": "cli.js"
			},
			"engines": {
				"node": ">=18"
			},
			"optionalDependencies": {
				"fsevents": "2.3.2"
			}
		},
		"node_modules/playwright-core": {
			"version": "1.58.2",
			"resolved": "https://registry.npmjs.org/playwright-core/-/playwright-core-1.58.2.tgz",
			"integrity": "sha512-yZkEtftgwS8CsfYo7nm0KE8jsvm6i/PTgVtB8DL726wNf6H2IMsDuxCpJj59KDaxCtSnrWan2AeDqM7JBaultg==",
			"dev": true,
			"license": "Apache-2.0",
			"bin": {
				"playwright-core": "cli.js"
			},
			"engines": {
				"node": ">=18"
			}
		},
		"node_modules/typescript": {
			"version": "5.9.3",
			"resolved": "https://registry.npmjs.org/typescript/-/typescript-5.9.3.tgz",
			"integrity": "sha512-jl1vZzPDinLr9eUt3J/t7V6FgNEw9QjvBPdysz9KfQDD41fQrC2Y4vKQdiaUpFT4bXlb1RHhLpp8wtm6M5TgSw==",
			"dev": true,
			"license": "Apache-2.0",
			"bin": {
				"tsc": "bin/tsc",
				"tsserver": "bin/tsserver"
			},
			"engines": {
				"node": ">=14.17"
			}
		},
		"node_modules/undici-types": {
			"version": "6.21.0",
			"resolved": "https://registry.npmjs.org/undici-types/-/undici-types-6.21.0.tgz",
			"integrity": "sha512-iwDZqg0QAGrg9Rav5H4n0M64c3mkR59cJ6wQp+7C4nI0gsmExaedaYLNO44eT4AtBBwjbTiGPMlt2Md0T9H9JQ==",
			"dev": true,
			"license": "MIT"
		},
		"packages/analytics": {
			"name": "@grainulation/harvest",
			"version": "1.1.5",
			"license": "MIT",
			"dependencies": {
				"@grainulation/barn": "^1.3.0"
			},
			"bin": {
				"harvest": "bin/harvest.js"
			},
			"engines": {
				"node": ">=20"
			}
		},
		"packages/evidence": {
			"name": "@grainulation/wheat",
			"version": "1.1.8",
			"license": "MIT",
			"dependencies": {
				"@grainulation/barn": "^1.3.0"
			},
			"bin": {
				"wheat": "bin/wheat.js",
				"wheat-mcp": "bin/wheat-mcp.cjs"
			},
			"engines": {
				"node": ">=20"
			}
		},
		"packages/exports": {
			"name": "@grainulation/mill",
			"version": "1.1.4",
			"license": "MIT",
			"dependencies": {
				"@grainulation/barn": "^1.3.0"
			},
			"bin": {
				"mill": "bin/mill.js"
			},
			"engines": {
				"node": ">=20"
			}
		},
		"packages/legacy-cli": {
			"name": "@grainulation/grainulation",
			"version": "1.1.3",
			"license": "MIT",
			"dependencies": {
				"@grainulation/barn": "^1.3.0"
			},
			"bin": {
				"grainulation": "bin/grainulation.js"
			},
			"engines": {
				"node": ">=20"
			}
		},
		"packages/memory": {
			"name": "@grainulation/silo",
			"version": "1.2.3",
			"license": "MIT",
			"dependencies": {
				"@grainulation/barn": "^1.3.0"
			},
			"bin": {
				"silo": "bin/silo.js"
			},
			"engines": {
				"node": ">=20"
			}
		},
		"packages/orchestration": {
			"name": "@grainulation/orchard",
			"version": "1.1.5",
			"license": "MIT",
			"dependencies": {
				"@grainulation/barn": "^1.3.0"
			},
			"bin": {
				"orchard": "bin/orchard.js"
			},
			"engines": {
				"node": ">=20"
			}
		},
		"packages/runtime": {
			"name": "@grainulation/bean",
			"version": "2.1.0",
			"license": "MIT",
			"bin": {
				"bean-check": "bin/bean-check.js"
			},
			"devDependencies": {
				"@types/node": "^22.0.0",
				"typescript": "^5.7.0"
			},
			"engines": {
				"node": ">=20"
			}
		},
		"packages/shared": {
			"name": "@grainulation/barn",
			"version": "1.3.1",
			"license": "MIT",
			"bin": {
				"barn": "bin/barn.js"
			},
			"engines": {
				"node": ">=20"
			}
		}
	}
}
